// !$*UTF8*$!
{
	archiveVersion = 1;
	classes = {
	};
	objectVersion = 77;
	objects = {

/* Begin PBXBuildFile section */
		B728EA7F2D2A3A1600FE17DA /* GoogleService-Info.plist in Resources */ = {isa = PBXBuildFile; fileRef = B728EA792D2A3A1600FE17DA /* GoogleService-Info.plist */; };
		B73B3D1D2D321B7A0080F6B2 /* FirebaseAuth in Frameworks */ = {isa = PBXBuildFile; productRef = B73B3D1C2D321B7A0080F6B2 /* FirebaseAuth */; };
		B73B3D1F2D321B7A0080F6B2 /* FirebaseCore in Frameworks */ = {isa = PBXBuildFile; productRef = B73B3D1E2D321B7A0080F6B2 /* FirebaseCore */; };
		B73B3D212D321B7A0080F6B2 /* FirebaseFirestore in Frameworks */ = {isa = PBXBuildFile; productRef = B73B3D202D321B7A0080F6B2 /* FirebaseFirestore */; };
		B73B3D232D321B7A0080F6B2 /* FirebaseStorage in Frameworks */ = {isa = PBXBuildFile; productRef = B73B3D222D321B7A0080F6B2 /* FirebaseStorage */; };
/* End PBXBuildFile section */

/* Begin PBXContainerItemProxy section */
		B728E9DA2D2A309200FE17DA /* PBXContainerItemProxy */ = {
			isa = PBXContainerItemProxy;
			containerPortal = B728E9C12D2A309000FE17DA /* Project object */;
			proxyType = 1;
			remoteGlobalIDString = B728E9C82D2A309000FE17DA;
			remoteInfo = ShoppingManagementApp;
		};
		B728E9E42D2A309200FE17DA /* PBXContainerItemProxy */ = {
			isa = PBXContainerItemProxy;
			containerPortal = B728E9C12D2A309000FE17DA /* Project object */;
			proxyType = 1;
			remoteGlobalIDString = B728E9C82D2A309000FE17DA;
			remoteInfo = ShoppingManagementApp;
		};
/* End PBXContainerItemProxy section */

/* Begin PBXFileReference section */
		B728E9C92D2A309000FE17DA /* ShoppingManagementApp.app */ = {isa = PBXFileReference; explicitFileType = wrapper.application; includeInIndex = 0; path = ShoppingManagementApp.app; sourceTree = BUILT_PRODUCTS_DIR; };
		B728E9D92D2A309200FE17DA /* ShoppingManagementAppTests.xctest */ = {isa = PBXFileReference; explicitFileType = wrapper.cfbundle; includeInIndex = 0; path = ShoppingManagementAppTests.xctest; sourceTree = BUILT_PRODUCTS_DIR; };
		B728E9E32D2A309200FE17DA /* ShoppingManagementAppUITests.xctest */ = {isa = PBXFileReference; explicitFileType = wrapper.cfbundle; includeInIndex = 0; path = ShoppingManagementAppUITests.xctest; sourceTree = BUILT_PRODUCTS_DIR; };
		B728EA792D2A3A1600FE17DA /* GoogleService-Info.plist */ = {isa = PBXFileReference; lastKnownFileType = text.plist.xml; path = "GoogleService-Info.plist"; sourceTree = "<group>"; };
/* End PBXFileReference section */

/* Begin PBXFileSystemSynchronizedRootGroup section */
		B728E9CB2D2A309000FE17DA /* ShoppingManagementApp */ = {
			isa = PBXFileSystemSynchronizedRootGroup;
			path = ShoppingManagementApp;
			sourceTree = "<group>";
		};
		B728E9DC2D2A309200FE17DA /* ShoppingManagementAppTests */ = {
			isa = PBXFileSystemSynchronizedRootGroup;
			path = ShoppingManagementAppTests;
			sourceTree = "<group>";
		};
		B728E9E62D2A309200FE17DA /* ShoppingManagementAppUITests */ = {
			isa = PBXFileSystemSynchronizedRootGroup;
			path = ShoppingManagementAppUITests;
			sourceTree = "<group>";
		};
/* End PBXFileSystemSynchronizedRootGroup section */

/* Begin PBXFrameworksBuildPhase section */
		B728E9C62D2A309000FE17DA /* Frameworks */ = {
			isa = PBXFrameworksBuildPhase;
			buildActionMask = 2147483647;
			files = (
				B73B3D1F2D321B7A0080F6B2 /* FirebaseCore in Frameworks */,
				B73B3D232D321B7A0080F6B2 /* FirebaseStorage in Frameworks */,
				B73B3D1D2D321B7A0080F6B2 /* FirebaseAuth in Frameworks */,
				B73B3D212D321B7A0080F6B2 /* FirebaseFirestore in Frameworks */,
			);
			runOnlyForDeploymentPostprocessing = 0;
		};
		B728E9D62D2A309200FE17DA /* Frameworks */ = {
			isa = PBXFrameworksBuildPhase;
			buildActionMask = 2147483647;
			files = (
			);
			runOnlyForDeploymentPostprocessing = 0;
		};
		B728E9E02D2A309200FE17DA /* Frameworks */ = {
			isa = PBXFrameworksBuildPhase;
			buildActionMask = 2147483647;
			files = (
			);
			runOnlyForDeploymentPostprocessing = 0;
		};
/* End PBXFrameworksBuildPhase section */

/* Begin PBXGroup section */
		B728E9C02D2A309000FE17DA = {
			isa = PBXGroup;
			children = (
				B728E9CB2D2A309000FE17DA /* ShoppingManagementApp */,
				B728E9DC2D2A309200FE17DA /* ShoppingManagementAppTests */,
				B728E9E62D2A309200FE17DA /* ShoppingManagementAppUITests */,
				B728E9CA2D2A309000FE17DA /* Products */,
				B728EA792D2A3A1600FE17DA /* GoogleService-Info.plist */,
			);
			sourceTree = "<group>";
		};
		B728E9CA2D2A309000FE17DA /* Products */ = {
			isa = PBXGroup;
			children = (
				B728E9C92D2A309000FE17DA /* ShoppingManagementApp.app */,
				B728E9D92D2A309200FE17DA /* ShoppingManagementAppTests.xctest */,
				B728E9E32D2A309200FE17DA /* ShoppingManagementAppUITests.xctest */,
			);
			name = Products;
			sourceTree = "<group>";
		};
/* End PBXGroup section */

/* Begin PBXNativeTarget section */
		B728E9C82D2A309000FE17DA /* ShoppingManagementApp */ = {
			isa = PBXNativeTarget;
			buildConfigurationList = B728E9ED2D2A309200FE17DA /* Build configuration list for PBXNativeTarget "ShoppingManagementApp" */;
			buildPhases = (
				B728E9C52D2A309000FE17DA /* Sources */,
				B728E9C62D2A309000FE17DA /* Frameworks */,
				B728E9C72D2A309000FE17DA /* Resources */,
			);
			buildRules = (
			);
			dependencies = (
			);
			fileSystemSynchronizedGroups = (
				B728E9CB2D2A309000FE17DA /* ShoppingManagementApp */,
			);
			name = ShoppingManagementApp;
			packageProductDependencies = (
				B73B3D1C2D321B7A0080F6B2 /* FirebaseAuth */,
				B73B3D1E2D321B7A0080F6B2 /* FirebaseCore */,
				B73B3D202D321B7A0080F6B2 /* FirebaseFirestore */,
				B73B3D222D321B7A0080F6B2 /* FirebaseStorage */,
			);
			productName = ShoppingManagementApp;
			productReference = B728E9C92D2A309000FE17DA /* ShoppingManagementApp.app */;
			productType = "com.apple.product-type.application";
		};
		B728E9D82D2A309200FE17DA /* ShoppingManagementAppTests */ = {
			isa = PBXNativeTarget;
			buildConfigurationList = B728E9F02D2A309200FE17DA /* Build configuration list for PBXNativeTarget "ShoppingManagementAppTests" */;
			buildPhases = (
				B728E9D52D2A309200FE17DA /* Sources */,
				B728E9D62D2A309200FE17DA /* Frameworks */,
				B728E9D72D2A309200FE17DA /* Resources */,
			);
			buildRules = (
			);
			dependencies = (
				B728E9DB2D2A309200FE17DA /* PBXTargetDependency */,
			);
			fileSystemSynchronizedGroups = (
				B728E9DC2D2A309200FE17DA /* ShoppingManagementAppTests */,
			);
			name = ShoppingManagementAppTests;
			packageProductDependencies = (
			);
			productName = ShoppingManagementAppTests;
			productReference = B728E9D92D2A309200FE17DA /* ShoppingManagementAppTests.xctest */;
			productType = "com.apple.product-type.bundle.unit-test";
		};
		B728E9E22D2A309200FE17DA /* ShoppingManagementAppUITests */ = {
			isa = PBXNativeTarget;
			buildConfigurationList = B728E9F32D2A309200FE17DA /* Build configuration list for PBXNativeTarget "ShoppingManagementAppUITests" */;
			buildPhases = (
				B728E9DF2D2A309200FE17DA /* Sources */,
				B728E9E02D2A309200FE17DA /* Frameworks */,
				B728E9E12D2A309200FE17DA /* Resources */,
			);
			buildRules = (
			);
			dependencies = (
				B728E9E52D2A309200FE17DA /* PBXTargetDependency */,
			);
			fileSystemSynchronizedGroups = (
				B728E9E62D2A309200FE17DA /* ShoppingManagementAppUITests */,
			);
			name = ShoppingManagementAppUITests;
			packageProductDependencies = (
			);
			productName = ShoppingManagementAppUITests;
			productReference = B728E9E32D2A309200FE17DA /* ShoppingManagementAppUITests.xctest */;
			productType = "com.apple.product-type.bundle.ui-testing";
		};
/* End PBXNativeTarget section */

/* Begin PBXProject section */
		B728E9C12D2A309000FE17DA /* Project object */ = {
			isa = PBXProject;
			attributes = {
				BuildIndependentTargetsInParallel = 1;
				LastSwiftUpdateCheck = 1600;
				LastUpgradeCheck = 1600;
				TargetAttributes = {
					B728E9C82D2A309000FE17DA = {
						CreatedOnToolsVersion = 16.0;
					};
					B728E9D82D2A309200FE17DA = {
						CreatedOnToolsVersion = 16.0;
						TestTargetID = B728E9C82D2A309000FE17DA;
					};
					B728E9E22D2A309200FE17DA = {
						CreatedOnToolsVersion = 16.0;
						TestTargetID = B728E9C82D2A309000FE17DA;
					};
				};
			};
			buildConfigurationList = B728E9C42D2A309000FE17DA /* Build configuration list for PBXProject "ShoppingManagementApp" */;
			developmentRegion = en;
			hasScannedForEncodings = 0;
			knownRegions = (
				en,
				Base,
			);
			mainGroup = B728E9C02D2A309000FE17DA;
			minimizedProjectReferenceProxies = 1;
			packageReferences = (
				B73B3D1B2D321B7A0080F6B2 /* XCRemoteSwiftPackageReference "firebase-ios-sdk" */,
			);
			preferredProjectObjectVersion = 77;
			productRefGroup = B728E9CA2D2A309000FE17DA /* Products */;
			projectDirPath = "";
			projectRoot = "";
			targets = (
				B728E9C82D2A309000FE17DA /* ShoppingManagementApp */,
				B728E9D82D2A309200FE17DA /* ShoppingManagementAppTests */,
				B728E9E22D2A309200FE17DA /* ShoppingManagementAppUITests */,
			);
		};
/* End PBXProject section */

/* Begin PBXResourcesBuildPhase section */
		B728E9C72D2A309000FE17DA /* Resources */ = {
			isa = PBXResourcesBuildPhase;
			buildActionMask = 2147483647;
			files = (
				B728EA7F2D2A3A1600FE17DA /* GoogleService-Info.plist in Resources */,
			);
			runOnlyForDeploymentPostprocessing = 0;
		};
		B728E9D72D2A309200FE17DA /* Resources */ = {
			isa = PBXResourcesBuildPhase;
			buildActionMask = 2147483647;
			files = (
			);
			runOnlyForDeploymentPostprocessing = 0;
		};
		B728E9E12D2A309200FE17DA /* Resources */ = {
			isa = PBXResourcesBuildPhase;
			buildActionMask = 2147483647;
			files = (
			);
			runOnlyForDeploymentPostprocessing = 0;
		};
/* End PBXResourcesBuildPhase section */

/* Begin PBXSourcesBuildPhase section */
		B728E9C52D2A309000FE17DA /* Sources */ = {
			isa = PBXSourcesBuildPhase;
			buildActionMask = 2147483647;
			files = (
			);
			runOnlyForDeploymentPostprocessing = 0;
		};
		B728E9D52D2A309200FE17DA /* Sources */ = {
			isa = PBXSourcesBuildPhase;
			buildActionMask = 2147483647;
			files = (
			);
			runOnlyForDeploymentPostprocessing = 0;
		};
		B728E9DF2D2A309200FE17DA /* Sources */ = {
			isa = PBXSourcesBuildPhase;
			buildActionMask = 2147483647;
			files = (
			);
			runOnlyForDeploymentPostprocessing = 0;
		};
/* End PBXSourcesBuildPhase section */

/* Begin PBXTargetDependency section */
		B728E9DB2D2A309200FE17DA /* PBXTargetDependency */ = {
			isa = PBXTargetDependency;
			target = B728E9C82D2A309000FE17DA /* ShoppingManagementApp */;
			targetProxy = B728E9DA2D2A309200FE17DA /* PBXContainerItemProxy */;
		};
		B728E9E52D2A309200FE17DA /* PBXTargetDependency */ = {
			isa = PBXTargetDependency;
			target = B728E9C82D2A309000FE17DA /* ShoppingManagementApp */;
			targetProxy = B728E9E42D2A309200FE17DA /* PBXContainerItemProxy */;
		};
/* End PBXTargetDependency section */

/* Begin XCBuildConfiguration section */
		B728E9EB2D2A309200FE17DA /* Debug */ = {
			isa = XCBuildConfiguration;
			buildSettings = {
				ALWAYS_SEARCH_USER_PATHS = NO;
				ASSETCATALOG_COMPILER_GENERATE_SWIFT_ASSET_SYMBOL_EXTENSIONS = YES;
				CLANG_ANALYZER_NONNULL = YES;
				CLANG_ANALYZER_NUMBER_OBJECT_CONVERSION = YES_AGGRESSIVE;
				CLANG_CXX_LANGUAGE_STANDARD = "gnu++20";
				CLANG_ENABLE_MODULES = YES;
				CLANG_ENABLE_OBJC_ARC = YES;
				CLANG_ENABLE_OBJC_WEAK = YES;
				CLANG_WARN_BLOCK_CAPTURE_AUTORELEASING = YES;
				CLANG_WARN_BOOL_CONVERSION = YES;
				CLANG_WARN_COMMA = YES;
				CLANG_WARN_CONSTANT_CONVERSION = YES;
				CLANG_WARN_DEPRECATED_OBJC_IMPLEMENTATIONS = YES;
				CLANG_WARN_DIRECT_OBJC_ISA_USAGE = YES_ERROR;
				CLANG_WARN_DOCUMENTATION_COMMENTS = YES;
				CLANG_WARN_EMPTY_BODY = YES;
				CLANG_WARN_ENUM_CONVERSION = YES;
				CLANG_WARN_INFINITE_RECURSION = YES;
				CLANG_WARN_INT_CONVERSION = YES;
				CLANG_WARN_NON_LITERAL_NULL_CONVERSION = YES;
				CLANG_WARN_OBJC_IMPLICIT_RETAIN_SELF = YES;
				CLANG_WARN_OBJC_LITERAL_CONVERSION = YES;
				CLANG_WARN_OBJC_ROOT_CLASS = YES_ERROR;
				CLANG_WARN_QUOTED_INCLUDE_IN_FRAMEWORK_HEADER = YES;
				CLANG_WARN_RANGE_LOOP_ANALYSIS = YES;
				CLANG_WARN_STRICT_PROTOTYPES = YES;
				CLANG_WARN_SUSPICIOUS_MOVE = YES;
				CLANG_WARN_UNGUARDED_AVAILABILITY = YES_AGGRESSIVE;
				CLANG_WARN_UNREACHABLE_CODE = YES;
				CLANG_WARN__DUPLICATE_METHOD_MATCH = YES;
				COPY_PHASE_STRIP = NO;
				DEBUG_INFORMATION_FORMAT = dwarf;
				ENABLE_STRICT_OBJC_MSGSEND = YES;
				ENABLE_TESTABILITY = YES;
				ENABLE_USER_SCRIPT_SANDBOXING = YES;
				GCC_C_LANGUAGE_STANDARD = gnu17;
				GCC_DYNAMIC_NO_PIC = NO;
				GCC_NO_COMMON_BLOCKS = YES;
				GCC_OPTIMIZATION_LEVEL = 0;
				GCC_PREPROCESSOR_DEFINITIONS = (
					"DEBUG=1",
					"$(inherited)",
				);
				GCC_WARN_64_TO_32_BIT_CONVERSION = YES;
				GCC_WARN_ABOUT_RETURN_TYPE = YES_ERROR;
				GCC_WARN_UNDECLARED_SELECTOR = YES;
				GCC_WARN_UNINITIALIZED_AUTOS = YES_AGGRESSIVE;
				GCC_WARN_UNUSED_FUNCTION = YES;
				GCC_WARN_UNUSED_VARIABLE = YES;
				IPHONEOS_DEPLOYMENT_TARGET = 18.0;
				LOCALIZATION_PREFERS_STRING_CATALOGS = YES;
				MTL_ENABLE_DEBUG_INFO = INCLUDE_SOURCE;
				MTL_FAST_MATH = YES;
				ONLY_ACTIVE_ARCH = YES;
				SDKROOT = iphoneos;
				SWIFT_ACTIVE_COMPILATION_CONDITIONS = "DEBUG $(inherited)";
				SWIFT_OPTIMIZATION_LEVEL = "-Onone";
			};
			name = Debug;
		};
		B728E9EC2D2A309200FE17DA /* Release */ = {
			isa = XCBuildConfiguration;
			buildSettings = {
				ALWAYS_SEARCH_USER_PATHS = NO;
				ASSETCATALOG_COMPILER_GENERATE_SWIFT_ASSET_SYMBOL_EXTENSIONS = YES;
				CLANG_ANALYZER_NONNULL = YES;
				CLANG_ANALYZER_NUMBER_OBJECT_CONVERSION = YES_AGGRESSIVE;
				CLANG_CXX_LANGUAGE_STANDARD = "gnu++20";
				CLANG_ENABLE_MODULES = YES;
				CLANG_ENABLE_OBJC_ARC = YES;
				CLANG_ENABLE_OBJC_WEAK = YES;
				CLANG_WARN_BLOCK_CAPTURE_AUTORELEASING = YES;
				CLANG_WARN_BOOL_CONVERSION = YES;
				CLANG_WARN_COMMA = YES;
				CLANG_WARN_CONSTANT_CONVERSION = YES;
				CLANG_WARN_DEPRECATED_OBJC_IMPLEMENTATIONS = YES;
				CLANG_WARN_DIRECT_OBJC_ISA_USAGE = YES_ERROR;
				CLANG_WARN_DOCUMENTATION_COMMENTS = YES;
				CLANG_WARN_EMPTY_BODY = YES;
				CLANG_WARN_ENUM_CONVERSION = YES;
				CLANG_WARN_INFINITE_RECURSION = YES;
				CLANG_WARN_INT_CONVERSION = YES;
				CLANG_WARN_NON_LITERAL_NULL_CONVERSION = YES;
				CLANG_WARN_OBJC_IMPLICIT_RETAIN_SELF = YES;
				CLANG_WARN_OBJC_LITERAL_CONVERSION = YES;
				CLANG_WARN_OBJC_ROOT_CLASS = YES_ERROR;
				CLANG_WARN_QUOTED_INCLUDE_IN_FRAMEWORK_HEADER = YES;
				CLANG_WARN_RANGE_LOOP_ANALYSIS = YES;
				CLANG_WARN_STRICT_PROTOTYPES = YES;
				CLANG_WARN_SUSPICIOUS_MOVE = YES;
				CLANG_WARN_UNGUARDED_AVAILABILITY = YES_AGGRESSIVE;
				CLANG_WARN_UNREACHABLE_CODE = YES;
				CLANG_WARN__DUPLICATE_METHOD_MATCH = YES;
				COPY_PHASE_STRIP = NO;
				DEBUG_INFORMATION_FORMAT = "dwarf-with-dsym";
				ENABLE_NS_ASSERTIONS = NO;
				ENABLE_STRICT_OBJC_MSGSEND = YES;
				ENABLE_USER_SCRIPT_SANDBOXING = YES;
				GCC_C_LANGUAGE_STANDARD = gnu17;
				GCC_NO_COMMON_BLOCKS = YES;
				GCC_WARN_64_TO_32_BIT_CONVERSION = YES;
				GCC_WARN_ABOUT_RETURN_TYPE = YES_ERROR;
				GCC_WARN_UNDECLARED_SELECTOR = YES;
				GCC_WARN_UNINITIALIZED_AUTOS = YES_AGGRESSIVE;
				GCC_WARN_UNUSED_FUNCTION = YES;
				GCC_WARN_UNUSED_VARIABLE = YES;
				IPHONEOS_DEPLOYMENT_TARGET = 18.0;
				LOCALIZATION_PREFERS_STRING_CATALOGS = YES;
				MTL_ENABLE_DEBUG_INFO = NO;
				MTL_FAST_MATH = YES;
				SDKROOT = iphoneos;
				SWIFT_COMPILATION_MODE = wholemodule;
				VALIDATE_PRODUCT = YES;
			};
			name = Release;
		};
		B728E9EE2D2A309200FE17DA /* Debug */ = {
			isa = XCBuildConfiguration;
			buildSettings = {
				ASSETCATALOG_COMPILER_APPICON_NAME = AppIcon;
				ASSETCATALOG_COMPILER_GLOBAL_ACCENT_COLOR_NAME = AccentColor;
				CODE_SIGN_STYLE = Automatic;
				CURRENT_PROJECT_VERSION = 1;
				DEVELOPMENT_ASSET_PATHS = "\"ShoppingManagementApp/Preview Content\"";
				DEVELOPMENT_TEAM = PMT6QRAKQ2;
				ENABLE_PREVIEWS = YES;
				GENERATE_INFOPLIST_FILE = YES;
				INFOPLIST_KEY_UIApplicationSceneManifest_Generation = YES;
				INFOPLIST_KEY_UIApplicationSupportsIndirectInputEvents = YES;
				INFOPLIST_KEY_UILaunchScreen_Generation = YES;
				INFOPLIST_KEY_UISupportedInterfaceOrientations_iPad = "UIInterfaceOrientationPortrait UIInterfaceOrientationPortraitUpsideDown UIInterfaceOrientationLandscapeLeft UIInterfaceOrientationLandscapeRight";
				INFOPLIST_KEY_UISupportedInterfaceOrientations_iPhone = "UIInterfaceOrientationPortrait UIInterfaceOrientationLandscapeLeft UIInterfaceOrientationLandscapeRight";
				LD_RUNPATH_SEARCH_PATHS = (
					"$(inherited)",
					"@executable_path/Frameworks",
				);
				MARKETING_VERSION = 1.0;
				PRODUCT_BUNDLE_IDENTIFIER = "com.icloud-082812.uta.ShoppingManagementApp";
				PRODUCT_NAME = "$(TARGET_NAME)";
				SWIFT_EMIT_LOC_STRINGS = YES;
				SWIFT_VERSION = 5.0;
				TARGETED_DEVICE_FAMILY = "1,2";
			};
			name = Debug;
		};
		B728E9EF2D2A309200FE17DA /* Release */ = {
			isa = XCBuildConfiguration;
			buildSettings = {
				ASSETCATALOG_COMPILER_APPICON_NAME = AppIcon;
				ASSETCATALOG_COMPILER_GLOBAL_ACCENT_COLOR_NAME = AccentColor;
				CODE_SIGN_STYLE = Automatic;
				CURRENT_PROJECT_VERSION = 1;
				DEVELOPMENT_ASSET_PATHS = "\"ShoppingManagementApp/Preview Content\"";
				DEVELOPMENT_TEAM = PMT6QRAKQ2;
				ENABLE_PREVIEWS = YES;
				GENERATE_INFOPLIST_FILE = YES;
				INFOPLIST_KEY_UIApplicationSceneManifest_Generation = YES;
				INFOPLIST_KEY_UIApplicationSupportsIndirectInputEvents = YES;
				INFOPLIST_KEY_UILaunchScreen_Generation = YES;
				INFOPLIST_KEY_UISupportedInterfaceOrientations_iPad = "UIInterfaceOrientationPortrait UIInterfaceOrientationPortraitUpsideDown UIInterfaceOrientationLandscapeLeft UIInterfaceOrientationLandscapeRight";
				INFOPLIST_KEY_UISupportedInterfaceOrientations_iPhone = "UIInterfaceOrientationPortrait UIInterfaceOrientationLandscapeLeft UIInterfaceOrientationLandscapeRight";
				LD_RUNPATH_SEARCH_PATHS = (
					"$(inherited)",
					"@executable_path/Frameworks",
				);
				MARKETING_VERSION = 1.0;
				PRODUCT_BUNDLE_IDENTIFIER = "com.icloud-082812.uta.ShoppingManagementApp";
				PRODUCT_NAME = "$(TARGET_NAME)";
				SWIFT_EMIT_LOC_STRINGS = YES;
				SWIFT_VERSION = 5.0;
				TARGETED_DEVICE_FAMILY = "1,2";
			};
			name = Release;
		};
		B728E9F12D2A309200FE17DA /* Debug */ = {
			isa = XCBuildConfiguration;
			buildSettings = {
				BUNDLE_LOADER = "$(TEST_HOST)";
				CODE_SIGN_STYLE = Automatic;
				CURRENT_PROJECT_VERSION = 1;
				DEVELOPMENT_TEAM = PMT6QRAKQ2;
				GENERATE_INFOPLIST_FILE = YES;
				IPHONEOS_DEPLOYMENT_TARGET = 18.0;
				MARKETING_VERSION = 1.0;
				PRODUCT_BUNDLE_IDENTIFIER = "com.icloud-082812.uta.ShoppingManagementAppTests";
				PRODUCT_NAME = "$(TARGET_NAME)";
				SWIFT_EMIT_LOC_STRINGS = NO;
				SWIFT_VERSION = 5.0;
				TARGETED_DEVICE_FAMILY = "1,2";
				TEST_HOST = "$(BUILT_PRODUCTS_DIR)/ShoppingManagementApp.app/$(BUNDLE_EXECUTABLE_FOLDER_PATH)/ShoppingManagementApp";
			};
			name = Debug;
		};
		B728E9F22D2A309200FE17DA /* Release */ = {
			isa = XCBuildConfiguration;
			buildSettings = {
				BUNDLE_LOADER = "$(TEST_HOST)";
				CODE_SIGN_STYLE = Automatic;
				CURRENT_PROJECT_VERSION = 1;
				DEVELOPMENT_TEAM = PMT6QRAKQ2;
				GENERATE_INFOPLIST_FILE = YES;
				IPHONEOS_DEPLOYMENT_TARGET = 18.0;
				MARKETING_VERSION = 1.0;
				PRODUCT_BUNDLE_IDENTIFIER = "com.icloud-082812.uta.ShoppingManagementAppTests";
				PRODUCT_NAME = "$(TARGET_NAME)";
				SWIFT_EMIT_LOC_STRINGS = NO;
				SWIFT_VERSION = 5.0;
				TARGETED_DEVICE_FAMILY = "1,2";
				TEST_HOST = "$(BUILT_PRODUCTS_DIR)/ShoppingManagementApp.app/$(BUNDLE_EXECUTABLE_FOLDER_PATH)/ShoppingManagementApp";
			};
			name = Release;
		};
		B728E9F42D2A309200FE17DA /* Debug */ = {
			isa = XCBuildConfiguration;
			buildSettings = {
				CODE_SIGN_STYLE = Automatic;
				CURRENT_PROJECT_VERSION = 1;
				DEVELOPMENT_TEAM = PMT6QRAKQ2;
				GENERATE_INFOPLIST_FILE = YES;
				MARKETING_VERSION = 1.0;
				PRODUCT_BUNDLE_IDENTIFIER = "com.icloud-082812.uta.ShoppingManagementAppUITests";
				PRODUCT_NAME = "$(TARGET_NAME)";
				SWIFT_EMIT_LOC_STRINGS = NO;
				SWIFT_VERSION = 5.0;
				TARGETED_DEVICE_FAMILY = "1,2";
				TEST_TARGET_NAME = ShoppingManagementApp;
			};
			name = Debug;
		};
		B728E9F52D2A309200FE17DA /* Release */ = {
			isa = XCBuildConfiguration;
			buildSettings = {
				CODE_SIGN_STYLE = Automatic;
				CURRENT_PROJECT_VERSION = 1;
				DEVELOPMENT_TEAM = PMT6QRAKQ2;
				GENERATE_INFOPLIST_FILE = YES;
				MARKETING_VERSION = 1.0;
				PRODUCT_BUNDLE_IDENTIFIER = "com.icloud-082812.uta.ShoppingManagementAppUITests";
				PRODUCT_NAME = "$(TARGET_NAME)";
				SWIFT_EMIT_LOC_STRINGS = NO;
				SWIFT_VERSION = 5.0;
				TARGETED_DEVICE_FAMILY = "1,2";
				TEST_TARGET_NAME = ShoppingManagementApp;
			};
			name = Release;
		};
/* End XCBuildConfiguration section */

/* Begin XCConfigurationList section */
		B728E9C42D2A309000FE17DA /* Build configuration list for PBXProject "ShoppingManagementApp" */ = {
			isa = XCConfigurationList;
			buildConfigurations = (
				B728E9EB2D2A309200FE17DA /* Debug */,
				B728E9EC2D2A309200FE17DA /* Release */,
			);
			defaultConfigurationIsVisible = 0;
			defaultConfigurationName = Release;
		};
		B728E9ED2D2A309200FE17DA /* Build configuration list for PBXNativeTarget "ShoppingManagementApp" */ = {
			isa = XCConfigurationList;
			buildConfigurations = (
				B728E9EE2D2A309200FE17DA /* Debug */,
				B728E9EF2D2A309200FE17DA /* Release */,
			);
			defaultConfigurationIsVisible = 0;
			defaultConfigurationName = Release;
		};
		B728E9F02D2A309200FE17DA /* Build configuration list for PBXNativeTarget "ShoppingManagementAppTests" */ = {
			isa = XCConfigurationList;
			buildConfigurations = (
				B728E9F12D2A309200FE17DA /* Debug */,
				B728E9F22D2A309200FE17DA /* Release */,
			);
			defaultConfigurationIsVisible = 0;
			defaultConfigurationName = Release;
		};
		B728E9F32D2A309200FE17DA /* Build configuration list for PBXNativeTarget "ShoppingManagementAppUITests" */ = {
			isa = XCConfigurationList;
			buildConfigurations = (
				B728E9F42D2A309200FE17DA /* Debug */,
				B728E9F52D2A309200FE17DA /* Release */,
			);
			defaultConfigurationIsVisible = 0;
			defaultConfigurationName = Release;
		};
/* End XCConfigurationList section */

/* Begin XCRemoteSwiftPackageReference section */
		B73B3D1B2D321B7A0080F6B2 /* XCRemoteSwiftPackageReference "firebase-ios-sdk" */ = {
			isa = XCRemoteSwiftPackageReference;
			repositoryURL = "https://github.com/firebase/firebase-ios-sdk";
			requirement = {
				kind = upToNextMajorVersion;
				minimumVersion = 11.6.0;
			};
		};
/* End XCRemoteSwiftPackageReference section */

/* Begin XCSwiftPackageProductDependency section */
		B73B3D1C2D321B7A0080F6B2 /* FirebaseAuth */ = {
			isa = XCSwiftPackageProductDependency;
			package = B73B3D1B2D321B7A0080F6B2 /* XCRemoteSwiftPackageReference "firebase-ios-sdk" */;
			productName = FirebaseAuth;
		};
		B73B3D1E2D321B7A0080F6B2 /* FirebaseCore */ = {
			isa = XCSwiftPackageProductDependency;
			package = B73B3D1B2D321B7A0080F6B2 /* XCRemoteSwiftPackageReference "firebase-ios-sdk" */;
			productName = FirebaseCore;
		};
		B73B3D202D321B7A0080F6B2 /* FirebaseFirestore */ = {
			isa = XCSwiftPackageProductDependency;
			package = B73B3D1B2D321B7A0080F6B2 /* XCRemoteSwiftPackageReference "firebase-ios-sdk" */;
			productName = FirebaseFirestore;
		};
		B73B3D222D321B7A0080F6B2 /* FirebaseStorage */ = {
			isa = XCSwiftPackageProductDependency;
			package = B73B3D1B2D321B7A0080F6B2 /* XCRemoteSwiftPackageReference "firebase-ios-sdk" */;
			productName = FirebaseStorage;
		};
/* End XCSwiftPackageProductDependency section */
	};
	rootObject = B728E9C12D2A309000FE17DA /* Project object */;
}
